# Generated by conda-lock.
# platform: linux-64
# input_hash: 27b9561bea58d9e25e083e96be5cbd1c8806c745d1525ad0401a6da2cc9ef85f
@EXPLICIT
https://conda.anaconda.org/conda-forge/linux-64/_libgcc_mutex-0.1-conda_forge.tar.bz2#d7c89558ba9fa0495403155b64376d81
https://conda.anaconda.org/conda-forge/linux-64/ca-certificates-2023.11.17-hbcca054_0.conda#01ffc8d36f9eba0ce0b3c1955fa780ee
https://conda.anaconda.org/conda-forge/linux-64/ld_impl_linux-64-2.40-h55db66e_0.conda#10569984e7db886e4f1abc2b47ad79a1
https://conda.anaconda.org/conda-forge/linux-64/libstdcxx-ng-13.2.0-h95c4c6d_6.conda#3cfab3e709f77e9f1b3d380eb622494a
https://conda.anaconda.org/conda-forge/linux-64/python_abi-3.10-4_cp310.conda#26322ec5d7712c3ded99dd656142b8ce
https://conda.anaconda.org/conda-forge/noarch/tzdata-2023c-h71feb2d_0.conda#939e3e74d8be4dac89ce83b20de2492a
https://conda.anaconda.org/conda-forge/linux-64/libgomp-13.2.0-hc881cc4_6.conda#aae89d3736661c36a5591788aebd0817
https://conda.anaconda.org/conda-forge/linux-64/_openmp_mutex-4.5-2_gnu.tar.bz2#73aaf86a425cc6e73fcf236a5a46396d
https://conda.anaconda.org/conda-forge/linux-64/libgcc-ng-13.2.0-hc881cc4_6.conda#df88796bd09a0d2ed292e59101478ad8
https://conda.anaconda.org/conda-forge/linux-64/bzip2-1.0.8-hd590300_5.conda#69b8b6202a07720f448be700e300ccf4
https://conda.anaconda.org/conda-forge/linux-64/libffi-3.4.2-h7f98852_5.tar.bz2#d645c6d2ac96843a2bfaccd2d62b3ac3
https://conda.anaconda.org/conda-forge/linux-64/libgfortran5-13.2.0-h43f5ff8_6.conda#e54a5ddc67e673f9105cf2a2e9c070b0
https://conda.anaconda.org/conda-forge/linux-64/libnsl-2.0.1-hd590300_0.conda#30fd6e37fe21f86f4bd26d6ee73eeec7
https://conda.anaconda.org/conda-forge/linux-64/libsodium-1.0.18-h36c2ea0_1.tar.bz2#c3788462a6fbddafdb413a9f9053e58d
https://conda.anaconda.org/conda-forge/linux-64/libuuid-2.38.1-h0b41bf4_0.conda#40b61aab5c7ba9ff276c41cfffe6b80b
https://conda.anaconda.org/conda-forge/linux-64/libzlib-1.2.13-hd590300_5.conda#f36c115f1ee199da648e0597ec2047ad
https://conda.anaconda.org/conda-forge/linux-64/ncurses-6.4.20240210-h59595ed_0.conda#97da8860a0da5413c7c98a3b3838a645
https://conda.anaconda.org/conda-forge/linux-64/openssl-3.2.0-hd590300_1.conda#603827b39ea2b835268adb8c821b8570
https://conda.anaconda.org/conda-forge/linux-64/xz-5.2.6-h166bdaf_0.tar.bz2#2161070d867d1b1204ea749c8eec4ef0
https://conda.anaconda.org/conda-forge/linux-64/libgfortran-ng-13.2.0-h69a702a_6.conda#3666a850342f8f3be88f9a93d948d027
https://conda.anaconda.org/conda-forge/linux-64/libsqlite-3.44.2-h2797004_0.conda#3b6a9f225c3dbe0d24f4fedd4625c5bf
https://conda.anaconda.org/conda-forge/linux-64/readline-8.2-h8228510_1.conda#47d31b792659ce70f470b5c82fdfb7a4
https://conda.anaconda.org/conda-forge/linux-64/tk-8.6.13-noxft_h4845f30_101.conda#d453b98d9c83e71da0741bb0ff4d76bc
https://conda.anaconda.org/conda-forge/linux-64/zeromq-4.3.5-h59595ed_1.conda#7fc9d3288d2420bb3637647621018000
https://conda.anaconda.org/conda-forge/linux-64/libopenblas-0.3.25-pthreads_h413a1c8_0.conda#d172b34a443b95f86089e8229ddc9a17
https://conda.anaconda.org/conda-forge/linux-64/python-3.10.8-h4a9ceb5_0_cpython.conda#be2a6d78752c2ab85f360ce37d2c64e2
https://conda.anaconda.org/conda-forge/linux-64/debugpy-1.8.0-py310hc6cd4ac_1.conda#01388b4ec9eed3b26fa732aa39745475
https://conda.anaconda.org/conda-forge/noarch/decorator-5.1.1-pyhd8ed1ab_0.tar.bz2#43afe5ab04e35e17ba28649471dd7364
https://conda.anaconda.org/conda-forge/noarch/exceptiongroup-1.2.0-pyhd8ed1ab_2.conda#8d652ea2ee8eaee02ed8dc820bc794aa
https://conda.anaconda.org/conda-forge/noarch/executing-2.0.1-pyhd8ed1ab_0.conda#e16be50e378d8a4533b989035b196ab8
https://conda.anaconda.org/conda-forge/linux-64/libblas-3.9.0-20_linux64_openblas.conda#2b7bb4f7562c8cf334fc2e20c2d28abc
https://conda.anaconda.org/conda-forge/noarch/nest-asyncio-1.5.8-pyhd8ed1ab_0.conda#a4f0e4519bc50eee4f53f689be9607f7
https://conda.anaconda.org/conda-forge/noarch/packaging-23.2-pyhd8ed1ab_0.conda#79002079284aa895f883c6b7f3f88fd6
https://conda.anaconda.org/conda-forge/noarch/parso-0.8.3-pyhd8ed1ab_0.tar.bz2#17a565a0c3899244e938cdf417e7b094
https://conda.anaconda.org/conda-forge/noarch/pickleshare-0.7.5-py_1003.tar.bz2#415f0ebb6198cc2801c73438a9fb5761
https://conda.anaconda.org/conda-forge/noarch/platformdirs-4.1.0-pyhd8ed1ab_0.conda#45a5065664da0d1dfa8f8cd2eaf05ab9
https://conda.anaconda.org/conda-forge/linux-64/psutil-5.9.7-py310h2372a71_0.conda#eb1f8f278d0b00c7b6d5c01a5b06609f
https://conda.anaconda.org/conda-forge/noarch/ptyprocess-0.7.0-pyhd3deb0d_0.tar.bz2#359eeb6536da0e687af562ed265ec263
https://conda.anaconda.org/conda-forge/noarch/pure_eval-0.2.2-pyhd8ed1ab_0.tar.bz2#6784285c7e55cb7212efabc79e4c2883
https://conda.anaconda.org/conda-forge/noarch/pygments-2.17.2-pyhd8ed1ab_0.conda#140a7f159396547e9799aa98f9f0742e
https://conda.anaconda.org/conda-forge/noarch/pytz-2023.3.post1-pyhd8ed1ab_0.conda#c93346b446cd08c169d843ae5fc0da97
https://conda.anaconda.org/conda-forge/linux-64/pyzmq-25.1.2-py310h795f18f_0.conda#fa09f98f3acfd3f5de30bd2d27d5cb7f
https://conda.anaconda.org/conda-forge/linux-64/setuptools-59.8.0-py310hff52083_1.tar.bz2#af2b60144919a0eb9dd1197212e4d3db
https://conda.anaconda.org/conda-forge/noarch/six-1.16.0-pyh6c4a22f_0.tar.bz2#e5f25f8dbc060e9a8d912e432202afc2
https://conda.anaconda.org/conda-forge/noarch/threadpoolctl-3.2.0-pyha21a80b_0.conda#978d03388b62173b8e6f79162cf52b86
https://conda.anaconda.org/conda-forge/linux-64/tornado-6.3.3-py310h2372a71_1.conda#b23e0147fa5f7a9380e06334c7266ad5
https://conda.anaconda.org/conda-forge/noarch/traitlets-5.14.0-pyhd8ed1ab_0.conda#886f4a84ddb49b943b1697ac314e85b3
https://conda.anaconda.org/conda-forge/noarch/typing_extensions-4.9.0-pyha770c72_0.conda#a92a6440c3fe7052d63244f3aba2a4a7
https://conda.anaconda.org/conda-forge/noarch/wcwidth-0.2.12-pyhd8ed1ab_0.conda#bf4a1d1a97ca27b0b65bacd9e238b484
https://conda.anaconda.org/conda-forge/noarch/wheel-0.42.0-pyhd8ed1ab_0.conda#1cdea58981c5cbc17b51973bcaddcea7
https://conda.anaconda.org/conda-forge/noarch/zipp-3.17.0-pyhd8ed1ab_0.conda#2e4d6bc0b14e10f895fc6791a7d9b26a
https://conda.anaconda.org/conda-forge/noarch/asttokens-2.4.1-pyhd8ed1ab_0.conda#5f25798dcefd8252ce5f9dc494d5f571
https://conda.anaconda.org/conda-forge/noarch/comm-0.1.4-pyhd8ed1ab_0.conda#c8eaca39e2b6abae1fc96acc929ae939
https://conda.anaconda.org/conda-forge/noarch/importlib-metadata-7.0.0-pyha770c72_0.conda#a941237cd06538837b25cd245fcd25d8
https://conda.anaconda.org/conda-forge/noarch/jedi-0.19.1-pyhd8ed1ab_0.conda#81a3be0b2023e1ea8555781f0ad904a2
https://conda.anaconda.org/conda-forge/noarch/joblib-1.3.2-pyhd8ed1ab_0.conda#4da50d410f553db77e62ab62ffaa1abc
https://conda.anaconda.org/conda-forge/linux-64/jupyter_core-5.5.1-py310hff52083_0.conda#e2b19aa7d90c247c8995d854fc6a831e
https://conda.anaconda.org/conda-forge/linux-64/libcblas-3.9.0-20_linux64_openblas.conda#36d486d72ab64ffea932329a1d3729a3
https://conda.anaconda.org/conda-forge/linux-64/liblapack-3.9.0-20_linux64_openblas.conda#6fabc51f5e647d09cc010c40061557e0
https://conda.anaconda.org/conda-forge/noarch/matplotlib-inline-0.1.6-pyhd8ed1ab_0.tar.bz2#b21613793fcc81d944c76c9f2864a7de
https://conda.anaconda.org/conda-forge/noarch/pexpect-4.8.0-pyh1a96a4e_2.tar.bz2#330448ce4403cc74990ac07c555942a1
https://conda.anaconda.org/conda-forge/noarch/pip-24.0-pyhd8ed1ab_0.conda#f586ac1e56c8638b64f9c8122a7b8a67
https://conda.anaconda.org/conda-forge/noarch/prompt-toolkit-3.0.42-pyha770c72_0.conda#0bf64bf10eee21f46ac83c161917fa86
https://conda.anaconda.org/conda-forge/noarch/python-dateutil-2.8.2-pyhd8ed1ab_0.tar.bz2#dd999d1cc9f79e67dbb855c8924c7984
https://conda.anaconda.org/conda-forge/noarch/importlib_metadata-7.0.0-hd8ed1ab_0.conda#12aff14f84c337be5e5636bf612f4140
https://conda.anaconda.org/conda-forge/linux-64/numpy-1.26.2-py310hb13e2d6_0.conda#d3147cfbf72d6ae7bba10562208f6def
https://conda.anaconda.org/conda-forge/noarch/stack_data-0.6.2-pyhd8ed1ab_0.conda#e7df0fdd404616638df5ece6e69ba7af
https://conda.anaconda.org/conda-forge/noarch/ipython-8.18.1-pyh707e725_3.conda#15c6f45a45f7ac27f6d60b0b084f6761
https://conda.anaconda.org/conda-forge/noarch/jupyter_client-8.6.0-pyhd8ed1ab_0.conda#6bd3f1069cdebb44c7ae9efb900e312d
https://conda.anaconda.org/conda-forge/linux-64/pandas-1.3.5-py310hb5077e9_0.tar.bz2#188bb9d4ffcde7943e13d959ac2fdb10
https://conda.anaconda.org/conda-forge/linux-64/scipy-1.11.4-py310hb13e2d6_0.conda#f0063b2885bfae11324a00a693f88781
https://conda.anaconda.org/conda-forge/noarch/ipykernel-6.26.0-pyhf8b6a83_0.conda#2307f71f5f0896d4b91b93e6b468abff
https://conda.anaconda.org/conda-forge/linux-64/pyreadr-0.5.0-py310h3e6beee_0.conda#fe5125bb622c767612c876936b37b523
https://conda.anaconda.org/conda-forge/linux-64/scikit-learn-1.3.2-py310h1fdf081_2.conda#38f32271177dbc006e3f2bb340e58f1e
https://conda.anaconda.org/bioconda/noarch/scprep-1.2.2-pyhdfd78af_0.tar.bz2#992d6fe751560ca8dd752780b4396db5
# pip array-api-compat @ https://files.pythonhosted.org/packages/10/cf/040c1b046fd43c02d230295e93969c7d100a4c34f4b1ccfaffdf98ef4530/array_api_compat-1.4-py3-none-any.whl#sha256=326383f5423716922724199988084250ca41074c7938bed6f9cea95d8d70f833
# pip certifi @ https://files.pythonhosted.org/packages/64/62/428ef076be88fa93716b576e4a01f919d25968913e817077a386fcbe4f42/certifi-2023.11.17-py3-none-any.whl#sha256=e036ab49d5b79556f99cfc2d9320b34cfbe5be05c5871b51de9329f0603b0474
# pip charset-normalizer @ https://files.pythonhosted.org/packages/da/f1/3702ba2a7470666a62fd81c58a4c40be00670e5006a67f4d626e57f013ae/charset_normalizer-3.3.2-cp310-cp310-manylinux_2_17_x86_64.manylinux2014_x86_64.whl#sha256=8465322196c8b4d7ab6d1e049e4c5cb460d0394da4a27d23cc242fbf0034b6b5
# pip cycler @ https://files.pythonhosted.org/packages/e7/05/c19819d5e3d95294a6f5947fb9b9629efb316b96de511b418c53d245aae6/cycler-0.12.1-py3-none-any.whl#sha256=85cef7cff222d8644161529808465972e51340599459b8ac3ccbac5a854e0d30
# pip et-xmlfile @ https://files.pythonhosted.org/packages/96/c2/3dd434b0108730014f1b96fd286040dc3bcb70066346f7e01ec2ac95865f/et_xmlfile-1.1.0-py3-none-any.whl#sha256=a2ba85d1d6a74ef63837eed693bcb89c3f752169b0e3e7ae5b16ca5e1b3deada
# pip fonttools @ https://files.pythonhosted.org/packages/67/09/e09ee013d9d6f2f006147e5fc2b4d807eb2931f4f890c2d4f711e10391d7/fonttools-4.51.0-cp310-cp310-manylinux_2_17_x86_64.manylinux2014_x86_64.whl#sha256=180194c7fe60c989bb627d7ed5011f2bef1c4d36ecf3ec64daec8302f1ae0716
# pip idna @ https://files.pythonhosted.org/packages/c2/e7/a82b05cf63a603df6e68d59ae6a68bf5064484a0718ea5033660af4b54a9/idna-3.6-py3-none-any.whl#sha256=c05567e9c24a6b9faaa835c4821bad0590fbb9d5779e7caa6e1cc4978e7eb24f
# pip kiwisolver @ https://files.pythonhosted.org/packages/6f/40/4ab1fdb57fced80ce5903f04ae1aed7c1d5939dda4fd0c0aa526c12fe28a/kiwisolver-1.4.5-cp310-cp310-manylinux_2_12_x86_64.manylinux2010_x86_64.whl#sha256=ec20916e7b4cbfb1f12380e46486ec4bcbaa91a9c448b97023fde0d5bbf9e4ff
# pip llvmlite @ https://files.pythonhosted.org/packages/57/7d/ef28d5812f852b93bd2a583d00cdcde56833d31b645ae0eaa7e71eecfb4e/llvmlite-0.41.1-cp310-cp310-manylinux_2_17_x86_64.manylinux2014_x86_64.whl#sha256=0dd0338da625346538f1173a17cabf21d1e315cf387ca21b294ff209d176e244
# pip natsort @ https://files.pythonhosted.org/packages/ef/82/7a9d0550484a62c6da82858ee9419f3dd1ccc9aa1c26a1e43da3ecd20b0d/natsort-8.4.0-py3-none-any.whl#sha256=4732914fb471f56b5cce04d7bae6f164a592c7712e1c85f9ef585e197299521c
# pip networkx @ https://files.pythonhosted.org/packages/38/e9/5f72929373e1a0e8d142a130f3f97e6ff920070f87f91c4e13e40e0fba5a/networkx-3.3-py3-none-any.whl#sha256=28575580c6ebdaf4505b22c6256a2b9de86b316dc63ba9e93abde3d78dfdbcf2
# pip pillow @ https://files.pythonhosted.org/packages/b5/a2/7a09695dc636bf8d0a1b63022f58701177b7dc6fad30f6d6bc343e5473a4/pillow-10.3.0-cp310-cp310-manylinux_2_28_x86_64.whl#sha256=b14f16f94cbc61215115b9b1236f9c18403c15dd3c52cf629072afa9d54c1cbf
# pip pyparsing @ https://files.pythonhosted.org/packages/9d/ea/6d76df31432a0e6fdf81681a895f009a4bb47b3c39036db3e1b528191d52/pyparsing-3.1.2-py3-none-any.whl#sha256=f9db75911801ed778fe61bb643079ff86601aca99fcae6345aa67292038fb742
# pip stdlib-list @ https://files.pythonhosted.org/packages/13/d9/9085375f0d23a4896b307bf14dcc61b49ec8cc67cb33e06cf95bf3af3966/stdlib_list-0.10.0-py3-none-any.whl#sha256=b3a911bc441d03e0332dd1a9e7d0870ba3bb0a542a74d7524f54fb431256e214
# pip tqdm @ https://files.pythonhosted.org/packages/00/e5/f12a80907d0884e6dff9c16d0c0114d81b8cd07dc3ae54c5e962cc83037e/tqdm-4.66.1-py3-none-any.whl#sha256=d302b3c5b53d47bce91fea46679d9c3c6508cf6332229aa1e7d8653723793386
# pip urllib3 @ https://files.pythonhosted.org/packages/96/94/c31f58c7a7f470d5665935262ebd7455c7e4c7782eb525658d3dbf4b9403/urllib3-2.1.0-py3-none-any.whl#sha256=55901e917a5896a349ff771be919f8bd99aff50b79fe58fec595eb37bbc56bb3
# pip xlrd @ https://files.pythonhosted.org/packages/a6/0c/c2a72d51fe56e08a08acc85d13013558a2d793028ae7385448a6ccdfae64/xlrd-2.0.1-py2.py3-none-any.whl#sha256=6a33ee89877bd9abc1158129f6e94be74e2679636b8a205b43b85206c3f0bbdd
# pip contourpy @ https://files.pythonhosted.org/packages/58/56/e2c43dcfa1f9c7db4d5e3d6f5134b24ed953f4e2133a4b12f0062148db58/contourpy-1.2.0-cp310-cp310-manylinux_2_17_x86_64.manylinux2014_x86_64.whl#sha256=b69303ceb2e4d4f146bf82fda78891ef7bcd80c41bf16bfca3d0d7eb545448aa
# pip h5py @ https://files.pythonhosted.org/packages/3b/d3/ecb4b3d2ec2c84132987e5f12ab1408f455bec1d90cd5bc408ebf37800f5/h5py-3.10.0-cp310-cp310-manylinux_2_17_x86_64.manylinux2014_x86_64.whl#sha256=f42e6c30698b520f0295d70157c4e202a9e402406f50dc08f5a7bc416b24e52d
# pip kneed @ https://files.pythonhosted.org/packages/9a/1b/7e726d8616e813007874468c61790099ba21493e0ea07561b7d9fc53151c/kneed-0.8.5-py3-none-any.whl#sha256=2f3fbd4e9bd808e65052841448702c41ea64d5fc78735cbfc97ab25f08bd9815
# pip numba @ https://files.pythonhosted.org/packages/ed/13/b66627125b35f2987bd9872cf028b5e1e1ffcbc8d1e182ac4e84eed3998f/numba-0.58.1-cp310-cp310-manylinux2014_x86_64.manylinux_2_17_x86_64.whl#sha256=4e79b6cc0d2bf064a955934a2e02bf676bc7995ab2db929dbbc62e4c16551be6
# pip openpyxl @ https://files.pythonhosted.org/packages/6a/94/a59521de836ef0da54aaf50da6c4da8fb4072fb3053fa71f052fd9399e7a/openpyxl-3.1.2-py2.py3-none-any.whl#sha256=f91456ead12ab3c6c2e9491cf33ba6d08357d802192379bb482f1033ade496f5
# pip patsy @ https://files.pythonhosted.org/packages/29/ab/373449d6f741732f94e2d15d116a90f050b2857cb727b26d2f7bead50815/patsy-0.5.4-py2.py3-none-any.whl#sha256=0486413077a527db51ddea8fa94a5234d0feb17a4f4dc01b59b6086c58a70f80
# pip requests @ https://files.pythonhosted.org/packages/70/8e/0e2d847013cb52cd35b38c009bb167a1a26b2ce6cd6965bf26b47bc0bf44/requests-2.31.0-py3-none-any.whl#sha256=58cd2187c01e70e6e26505bca751777aa9f2ee0b7f4300988b709f44e013003f
# pip session-info @ https://files.pythonhosted.org/packages/94/e4/ea615bb8185a298b21df1ac52a4a5db4e3351823a218f47ef3f883def88c/session_info-1.0.0.tar.gz#sha256=3cda5e03cca703f32ae2eadbd6bd80b6c21442cfb60e412c21cb8ad6d5cbb6b7
# pip tensorly @ https://files.pythonhosted.org/packages/71/6c/b07811af60b429d29ff1aab7a8d7b845f24e27462c7455c3df734007dd67/tensorly-0.8.1-py3-none-any.whl#sha256=08988dbc5e433c3f255d0e00855f99a613fe273d50a1627b7e82b03ff2a6da9a
# pip anndata @ https://files.pythonhosted.org/packages/8a/87/201514af3bf08db52e11b7d94e6129f0a75503194b81614ff48883101c4c/anndata-0.10.3-py3-none-any.whl#sha256=ec27c203c4d2f0b3a92fb9ca21692ac6022f71dd3fbc3e32d8c54cae59b5f7d8
# pip matplotlib @ https://files.pythonhosted.org/packages/19/e5/a4ea514515f270224435c69359abb7a3d152ed31b9ee3ba5e63017461945/matplotlib-3.8.2-cp310-cp310-manylinux_2_17_x86_64.manylinux2014_x86_64.whl#sha256=4e208f46cf6576a7624195aa047cb344a7f802e113bb1a06cfd4bee431de5e31
# pip pynndescent @ https://files.pythonhosted.org/packages/bf/06/18c0e17eb245b7caeb861f2ff747adb0575500183b6ec4282d5350d29e9f/pynndescent-0.5.12-py3-none-any.whl#sha256=9023dc5fea520a4e84d0633ae735db97d2509da927bfa86c897e61f3315473c7
# pip statsmodels @ https://files.pythonhosted.org/packages/39/88/d8cd64c8c56131a796215ce7f80ebb73e97200e6e6de26580cd20ae56e3e/statsmodels-0.14.1-cp310-cp310-manylinux_2_17_x86_64.manylinux2014_x86_64.whl#sha256=c0564d92cb05b219b4538ed09e77d96658a924a691255e1f7dd23ee338df441b
# pip gseapy @ https://files.pythonhosted.org/packages/1d/2c/74e06c1cc249cca70f4356485d5ace3e7a40466eb91a0cb2df64a9d6f93d/gseapy-1.0.3-cp310-cp310-manylinux_2_17_x86_64.manylinux2014_x86_64.whl#sha256=4fe9e4ab1ee692ae5ba3eee0c46b2c665f1223466080914841431db1efa69f4c
# pip seaborn @ https://files.pythonhosted.org/packages/83/11/00d3c3dfc25ad54e731d91449895a79e4bf2384dc3ac01809010ba88f6d5/seaborn-0.13.2-py3-none-any.whl#sha256=636f8336facf092165e27924f223d3c62ca560b1f2bb5dff7ab7fad265361987
# pip umap-learn @ https://files.pythonhosted.org/packages/d1/1b/46802a050b1c55d10c4f59fc6afd2b45ac9b4f62b2e12092d3f599286f14/umap_learn-0.5.6-py3-none-any.whl#sha256=881cc0c2ee845b790bf0455aa1664f9f68b838d9d0fe12a1291b85c5a559c913
# pip scanpy @ https://files.pythonhosted.org/packages/39/d5/992cb22882523b873b981c1bdebbf28baffeb7ac931cd5d60cb53f2d8a24/scanpy-1.9.6-py3-none-any.whl#sha256=30a96bfa2a56fefc810fc6407d7488c56b4c40fd1d14090a4d572e1fabf89bef
# pip statannotations @ https://files.pythonhosted.org/packages/69/6d/fac6e6c6898cedf6bd1e52ca2eecc48548b2eb48c3f96c2f3d22463ff142/statannotations-0.4.4-py3-none-any.whl#sha256=afbe20e6bd8361eae3d447693b8eba0b69c7a1788b1991db884e2505b6cd0013
# pip cell2cell @ https://files.pythonhosted.org/packages/4c/82/62ae7a96cbc6a298351cd921cfcd33b7b742f3c03895dc691567136b735e/cell2cell-0.7.3-py3-none-any.whl#sha256=2da3d51362768b22decf2562368e4d792a8144a2dff45a345aecaa504e122f2d
